// !$*UTF8*$!
{
	archiveVersion = 1;
	classes = {
	};
	objectVersion = 50;
	objects = {

/* Begin PBXBuildFile section */
		BCA7BBBFDFE9AF607CB1AAA7 /* Pods_ListViewTak1.framework in Frameworks */ = {isa = PBXBuildFile; fileRef = AD35063327FE5179FD4468C2 /* Pods_ListViewTak1.framework */; };
		BE030FB0223A6C09003094F4 /* SwageVC.swift in Sources */ = {isa = PBXBuildFile; fileRef = BE030FAF223A6C09003094F4 /* SwageVC.swift */; };
		BE030FB3223A93DF003094F4 /* CategoryCell.swift in Sources */ = {isa = PBXBuildFile; fileRef = BE030FB2223A93DF003094F4 /* CategoryCell.swift */; };
		BE030FD8223A9781003094F4 /* Category.swift in Sources */ = {isa = PBXBuildFile; fileRef = BE030FD7223A9781003094F4 /* Category.swift */; };
		BE030FDB223A9935003094F4 /* DataService.swift in Sources */ = {isa = PBXBuildFile; fileRef = BE030FDA223A9935003094F4 /* DataService.swift */; };
		BE07DAD6223940DF00305E09 /* ContentDownloader.swift in Sources */ = {isa = PBXBuildFile; fileRef = BE07DAD5223940DF00305E09 /* ContentDownloader.swift */; };
		BE47B2E42238139700455A83 /* AppDelegate.swift in Sources */ = {isa = PBXBuildFile; fileRef = BE47B2E32238139700455A83 /* AppDelegate.swift */; };
		BE47B2E62238139700455A83 /* CheckListViewController.swift in Sources */ = {isa = PBXBuildFile; fileRef = BE47B2E52238139700455A83 /* CheckListViewController.swift */; };
		BE47B2E92238139700455A83 /* Main.storyboard in Resources */ = {isa = PBXBuildFile; fileRef = BE47B2E72238139700455A83 /* Main.storyboard */; };
		BE47B2EB2238139900455A83 /* Assets.xcassets in Resources */ = {isa = PBXBuildFile; fileRef = BE47B2EA2238139900455A83 /* Assets.xcassets */; };
		BE47B2EE2238139900455A83 /* LaunchScreen.storyboard in Resources */ = {isa = PBXBuildFile; fileRef = BE47B2EC2238139900455A83 /* LaunchScreen.storyboard */; };
		BEBE08EB223BA874007B9D89 /* ProductsCell.swift in Sources */ = {isa = PBXBuildFile; fileRef = BEBE08EA223BA874007B9D89 /* ProductsCell.swift */; };
		BEBE08ED223BA9DB007B9D89 /* Product.swift in Sources */ = {isa = PBXBuildFile; fileRef = BEBE08EC223BA9DB007B9D89 /* Product.swift */; };
		BEBE08EF223BAFDC007B9D89 /* ProductsViewController.swift in Sources */ = {isa = PBXBuildFile; fileRef = BEBE08EE223BAFDC007B9D89 /* ProductsViewController.swift */; };
/* End PBXBuildFile section */

/* Begin PBXFileReference section */
		0B526E8598AEE6587CAB780B /* Pods-ListViewTak1.debug.xcconfig */ = {isa = PBXFileReference; includeInIndex = 1; lastKnownFileType = text.xcconfig; name = "Pods-ListViewTak1.debug.xcconfig"; path = "Target Support Files/Pods-ListViewTak1/Pods-ListViewTak1.debug.xcconfig"; sourceTree = "<group>"; };
		AD35063327FE5179FD4468C2 /* Pods_ListViewTak1.framework */ = {isa = PBXFileReference; explicitFileType = wrapper.framework; includeInIndex = 0; path = Pods_ListViewTak1.framework; sourceTree = BUILT_PRODUCTS_DIR; };
		BE030FAF223A6C09003094F4 /* SwageVC.swift */ = {isa = PBXFileReference; lastKnownFileType = sourcecode.swift; path = SwageVC.swift; sourceTree = "<group>"; };
		BE030FB2223A93DF003094F4 /* CategoryCell.swift */ = {isa = PBXFileReference; lastKnownFileType = sourcecode.swift; path = CategoryCell.swift; sourceTree = "<group>"; };
		BE030FD7223A9781003094F4 /* Category.swift */ = {isa = PBXFileReference; lastKnownFileType = sourcecode.swift; path = Category.swift; sourceTree = "<group>"; };
		BE030FDA223A9935003094F4 /* DataService.swift */ = {isa = PBXFileReference; lastKnownFileType = sourcecode.swift; path = DataService.swift; sourceTree = "<group>"; };
		BE07DAD5223940DF00305E09 /* ContentDownloader.swift */ = {isa = PBXFileReference; lastKnownFileType = sourcecode.swift; path = ContentDownloader.swift; sourceTree = "<group>"; };
		BE47B2E02238139700455A83 /* ListViewTak1.app */ = {isa = PBXFileReference; explicitFileType = wrapper.application; includeInIndex = 0; path = ListViewTak1.app; sourceTree = BUILT_PRODUCTS_DIR; };
		BE47B2E32238139700455A83 /* AppDelegate.swift */ = {isa = PBXFileReference; lastKnownFileType = sourcecode.swift; path = AppDelegate.swift; sourceTree = "<group>"; };
		BE47B2E52238139700455A83 /* CheckListViewController.swift */ = {isa = PBXFileReference; lastKnownFileType = sourcecode.swift; path = CheckListViewController.swift; sourceTree = "<group>"; };
		BE47B2E82238139700455A83 /* Base */ = {isa = PBXFileReference; lastKnownFileType = file.storyboard; name = Base; path = Base.lproj/Main.storyboard; sourceTree = "<group>"; };
		BE47B2EA2238139900455A83 /* Assets.xcassets */ = {isa = PBXFileReference; lastKnownFileType = folder.assetcatalog; path = Assets.xcassets; sourceTree = "<group>"; };
		BE47B2ED2238139900455A83 /* Base */ = {isa = PBXFileReference; lastKnownFileType = file.storyboard; name = Base; path = Base.lproj/LaunchScreen.storyboard; sourceTree = "<group>"; };
		BE47B2EF2238139900455A83 /* Info.plist */ = {isa = PBXFileReference; lastKnownFileType = text.plist.xml; path = Info.plist; sourceTree = "<group>"; };
		BEBE08EA223BA874007B9D89 /* ProductsCell.swift */ = {isa = PBXFileReference; lastKnownFileType = sourcecode.swift; path = ProductsCell.swift; sourceTree = "<group>"; };
		BEBE08EC223BA9DB007B9D89 /* Product.swift */ = {isa = PBXFileReference; lastKnownFileType = sourcecode.swift; path = Product.swift; sourceTree = "<group>"; };
		BEBE08EE223BAFDC007B9D89 /* ProductsViewController.swift */ = {isa = PBXFileReference; lastKnownFileType = sourcecode.swift; path = ProductsViewController.swift; sourceTree = "<group>"; };
		D0224758562896FA663CFA08 /* Pods-ListViewTak1.release.xcconfig */ = {isa = PBXFileReference; includeInIndex = 1; lastKnownFileType = text.xcconfig; name = "Pods-ListViewTak1.release.xcconfig"; path = "Target Support Files/Pods-ListViewTak1/Pods-ListViewTak1.release.xcconfig"; sourceTree = "<group>"; };
/* End PBXFileReference section */

/* Begin PBXFrameworksBuildPhase section */
		BE47B2DD2238139700455A83 /* Frameworks */ = {
			isa = PBXFrameworksBuildPhase;
			buildActionMask = 2147483647;
			files = (
				BCA7BBBFDFE9AF607CB1AAA7 /* Pods_ListViewTak1.framework in Frameworks */,
			);
			runOnlyForDeploymentPostprocessing = 0;
		};
/* End PBXFrameworksBuildPhase section */

/* Begin PBXGroup section */
		622A12A0A446D76D01879244 /* Frameworks */ = {
			isa = PBXGroup;
			children = (
				AD35063327FE5179FD4468C2 /* Pods_ListViewTak1.framework */,
			);
			name = Frameworks;
			sourceTree = "<group>";
		};
		BE030FB1223A93B1003094F4 /* View */ = {
			isa = PBXGroup;
			children = (
				BE030FB2223A93DF003094F4 /* CategoryCell.swift */,
				BEBE08EA223BA874007B9D89 /* ProductsCell.swift */,
			);
			path = View;
			sourceTree = "<group>";
		};
		BE030FD6223A976D003094F4 /* Model */ = {
			isa = PBXGroup;
			children = (
				BE030FD7223A9781003094F4 /* Category.swift */,
				BEBE08EC223BA9DB007B9D89 /* Product.swift */,
			);
			path = Model;
			sourceTree = "<group>";
		};
		BE030FD9223A9927003094F4 /* Services */ = {
			isa = PBXGroup;
			children = (
				BE030FDA223A9935003094F4 /* DataService.swift */,
			);
			path = Services;
			sourceTree = "<group>";
		};
		BE47B2D72238139700455A83 = {
			isa = PBXGroup;
			children = (
				BE030FD9223A9927003094F4 /* Services */,
				BE030FD6223A976D003094F4 /* Model */,
				BE030FB1223A93B1003094F4 /* View */,
				BE47B2E22238139700455A83 /* ListViewTak1 */,
				BE47B2E12238139700455A83 /* Products */,
				FFED717FFCFFA4932F99BEC1 /* Pods */,
				622A12A0A446D76D01879244 /* Frameworks */,
			);
			sourceTree = "<group>";
		};
		BE47B2E12238139700455A83 /* Products */ = {
			isa = PBXGroup;
			children = (
				BE47B2E02238139700455A83 /* ListViewTak1.app */,
			);
			name = Products;
			sourceTree = "<group>";
		};
		BE47B2E22238139700455A83 /* ListViewTak1 */ = {
			isa = PBXGroup;
			children = (
				BE47B2E32238139700455A83 /* AppDelegate.swift */,
				BE47B2E52238139700455A83 /* CheckListViewController.swift */,
				BE47B2E72238139700455A83 /* Main.storyboard */,
				BE47B2EA2238139900455A83 /* Assets.xcassets */,
				BE47B2EC2238139900455A83 /* LaunchScreen.storyboard */,
				BE47B2EF2238139900455A83 /* Info.plist */,
				BE07DAD5223940DF00305E09 /* ContentDownloader.swift */,
				BE030FAF223A6C09003094F4 /* SwageVC.swift */,
				BEBE08EE223BAFDC007B9D89 /* ProductsViewController.swift */,
			);
			path = ListViewTak1;
			sourceTree = "<group>";
		};
		FFED717FFCFFA4932F99BEC1 /* Pods */ = {
			isa = PBXGroup;
			children = (
				0B526E8598AEE6587CAB780B /* Pods-ListViewTak1.debug.xcconfig */,
				D0224758562896FA663CFA08 /* Pods-ListViewTak1.release.xcconfig */,
			);
			path = Pods;
			sourceTree = "<group>";
		};
/* End PBXGroup section */

/* Begin PBXNativeTarget section */
		BE47B2DF2238139700455A83 /* ListViewTak1 */ = {
			isa = PBXNativeTarget;
			buildConfigurationList = BE47B2F22238139900455A83 /* Build configuration list for PBXNativeTarget "ListViewTak1" */;
			buildPhases = (
				77271C98CC78C4317C505355 /* [CP] Check Pods Manifest.lock */,
				BE47B2DC2238139700455A83 /* Sources */,
				BE47B2DD2238139700455A83 /* Frameworks */,
				BE47B2DE2238139700455A83 /* Resources */,
				E0C80F669D5CF6BDCAF31078 /* [CP] Embed Pods Frameworks */,
			);
			buildRules = (
			);
			dependencies = (
			);
			name = ListViewTak1;
			productName = ListViewTak1;
			productReference = BE47B2E02238139700455A83 /* ListViewTak1.app */;
			productType = "com.apple.product-type.application";
		};
/* End PBXNativeTarget section */

/* Begin PBXProject section */
		BE47B2D82238139700455A83 /* Project object */ = {
			isa = PBXProject;
			attributes = {
				LastSwiftUpdateCheck = 1010;
				LastUpgradeCheck = 1010;
				ORGANIZATIONNAME = kkubicki;
				TargetAttributes = {
					BE47B2DF2238139700455A83 = {
						CreatedOnToolsVersion = 10.1;
					};
				};
			};
			buildConfigurationList = BE47B2DB2238139700455A83 /* Build configuration list for PBXProject "ListViewTak1" */;
			compatibilityVersion = "Xcode 9.3";
			developmentRegion = en;
			hasScannedForEncodings = 0;
			knownRegions = (
				en,
				Base,
			);
			mainGroup = BE47B2D72238139700455A83;
			productRefGroup = BE47B2E12238139700455A83 /* Products */;
			projectDirPath = "";
			projectRoot = "";
			targets = (
				BE47B2DF2238139700455A83 /* ListViewTak1 */,
			);
		};
/* End PBXProject section */

/* Begin PBXResourcesBuildPhase section */
		BE47B2DE2238139700455A83 /* Resources */ = {
			isa = PBXResourcesBuildPhase;
			buildActionMask = 2147483647;
			files = (
				BE47B2EE2238139900455A83 /* LaunchScreen.storyboard in Resources */,
				BE47B2EB2238139900455A83 /* Assets.xcassets in Resources */,
				BE47B2E92238139700455A83 /* Main.storyboard in Resources */,
			);
			runOnlyForDeploymentPostprocessing = 0;
		};
/* End PBXResourcesBuildPhase section */

/* Begin PBXShellScriptBuildPhase section */
		77271C98CC78C4317C505355 /* [CP] Check Pods Manifest.lock */ = {
			isa = PBXShellScriptBuildPhase;
			buildActionMask = 2147483647;
			files = (
			);
			inputFileListPaths = (
			);
			inputPaths = (
				"${PODS_PODFILE_DIR_PATH}/Podfile.lock",
				"${PODS_ROOT}/Manifest.lock",
			);
			name = "[CP] Check Pods Manifest.lock";
			outputFileListPaths = (
			);
			outputPaths = (
				"$(DERIVED_FILE_DIR)/Pods-ListViewTak1-checkManifestLockResult.txt",
			);
			runOnlyForDeploymentPostprocessing = 0;
			shellPath = /bin/sh;
			shellScript = "diff \"${PODS_PODFILE_DIR_PATH}/Podfile.lock\" \"${PODS_ROOT}/Manifest.lock\" > /dev/null\nif [ $? != 0 ] ; then\n    # print error to STDERR\n    echo \"error: The sandbox is not in sync with the Podfile.lock. Run 'pod install' or update your CocoaPods installation.\" >&2\n    exit 1\nfi\n# This output is used by Xcode 'outputs' to avoid re-running this script phase.\necho \"SUCCESS\" > \"${SCRIPT_OUTPUT_FILE_0}\"\n";
			showEnvVarsInLog = 0;
		};
		E0C80F669D5CF6BDCAF31078 /* [CP] Embed Pods Frameworks */ = {
			isa = PBXShellScriptBuildPhase;
			buildActionMask = 2147483647;
			files = (
			);
			inputFileListPaths = (
			);
			inputPaths = (
				"${PODS_ROOT}/Target Support Files/Pods-ListViewTak1/Pods-ListViewTak1-frameworks.sh",
				"${BUILT_PRODUCTS_DIR}/Alamofire/Alamofire.framework",
			);
			name = "[CP] Embed Pods Frameworks";
			outputFileListPaths = (
			);
			outputPaths = (
				"${TARGET_BUILD_DIR}/${FRAMEWORKS_FOLDER_PATH}/Alamofire.framework",
			);
			runOnlyForDeploymentPostprocessing = 0;
			shellPath = /bin/sh;
			shellScript = "\"${PODS_ROOT}/Target Support Files/Pods-ListViewTak1/Pods-ListViewTak1-frameworks.sh\"\n";
			showEnvVarsInLog = 0;
		};
/* End PBXShellScriptBuildPhase section */

/* Begin PBXSourcesBuildPhase section */
		BE47B2DC2238139700455A83 /* Sources */ = {
			isa = PBXSourcesBuildPhase;
			buildActionMask = 2147483647;
			files = (
				BE47B2E62238139700455A83 /* CheckListViewController.swift in Sources */,
				BEBE08EB223BA874007B9D89 /* ProductsCell.swift in Sources */,
				BEBE08ED223BA9DB007B9D89 /* Product.swift in Sources */,
				BE030FDB223A9935003094F4 /* DataService.swift in Sources */,
				BEBE08EF223BAFDC007B9D89 /* ProductsViewController.swift in Sources */,
				BE07DAD6223940DF00305E09 /* ContentDownloader.swift in Sources */,
				BE030FB3223A93DF003094F4 /* CategoryCell.swift in Sources */,
				BE030FB0223A6C09003094F4 /* SwageVC.swift in Sources */,
				BE47B2E42238139700455A83 /* AppDelegate.swift in Sources */,
				BE030FD8223A9781003094F4 /* Category.swift in Sources */,
			);
			runOnlyForDeploymentPostprocessing = 0;
		};
/* End PBXSourcesBuildPhase section */

/* Begin PBXVariantGroup section */
		BE47B2E72238139700455A83 /* Main.storyboard */ = {
			isa = PBXVariantGroup;
			children = (
				BE47B2E82238139700455A83 /* Base */,
			);
			name = Main.storyboard;
			sourceTree = "<group>";
		};
		BE47B2EC2238139900455A83 /* LaunchScreen.storyboard */ = {
			isa = PBXVariantGroup;
			children = (
				BE47B2ED2238139900455A83 /* Base */,
			);
			name = LaunchScreen.storyboard;
			sourceTree = "<group>";
		};
/* End PBXVariantGroup section */

/* Begin XCBuildConfiguration section */
		BE47B2F02238139900455A83 /* Debug */ = {
			isa = XCBuildConfiguration;
			buildSettings = {
				ALWAYS_SEARCH_USER_PATHS = NO;
				CLANG_ANALYZER_NONNULL = YES;
				CLANG_ANALYZER_NUMBER_OBJECT_CONVERSION = YES_AGGRESSIVE;
				CLANG_CXX_LANGUAGE_STANDARD = "gnu++14";
				CLANG_CXX_LIBRARY = "libc++";
				CLANG_ENABLE_MODULES = YES;
				CLANG_ENABLE_OBJC_ARC = YES;
				CLANG_ENABLE_OBJC_WEAK = YES;
				CLANG_WARN_BLOCK_CAPTURE_AUTORELEASING = YES;
				CLANG_WARN_BOOL_CONVERSION = YES;
				CLANG_WARN_COMMA = YES;
				CLANG_WARN_CONSTANT_CONVERSION = YES;
				CLANG_WARN_DEPRECATED_OBJC_IMPLEMENTATIONS = YES;
				CLANG_WARN_DIRECT_OBJC_ISA_USAGE = YES_ERROR;
				CLANG_WARN_DOCUMENTATION_COMMENTS = YES;
				CLANG_WARN_EMPTY_BODY = YES;
				CLANG_WARN_ENUM_CONVERSION = YES;
				CLANG_WARN_INFINITE_RECURSION = YES;
				CLANG_WARN_INT_CONVERSION = YES;
				CLANG_WARN_NON_LITERAL_NULL_CONVERSION = YES;
				CLANG_WARN_OBJC_IMPLICIT_RETAIN_SELF = YES;
				CLANG_WARN_OBJC_LITERAL_CONVERSION = YES;
				CLANG_WARN_OBJC_ROOT_CLASS = YES_ERROR;
				CLANG_WARN_RANGE_LOOP_ANALYSIS = YES;
				CLANG_WARN_STRICT_PROTOTYPES = YES;
				CLANG_WARN_SUSPICIOUS_MOVE = YES;
				CLANG_WARN_UNGUARDED_AVAILABILITY = YES_AGGRESSIVE;
				CLANG_WARN_UNREACHABLE_CODE = YES;
				CLANG_WARN__DUPLICATE_METHOD_MATCH = YES;
				CODE_SIGN_IDENTITY = "iPhone Developer";
				COPY_PHASE_STRIP = NO;
				DEBUG_INFORMATION_FORMAT = dwarf;
				ENABLE_STRICT_OBJC_MSGSEND = YES;
				ENABLE_TESTABILITY = YES;
				GCC_C_LANGUAGE_STANDARD = gnu11;
				GCC_DYNAMIC_NO_PIC = NO;
				GCC_NO_COMMON_BLOCKS = YES;
				GCC_OPTIMIZATION_LEVEL = 0;
				GCC_PREPROCESSOR_DEFINITIONS = (
					"DEBUG=1",
					"$(inherited)",
				);
				GCC_WARN_64_TO_32_BIT_CONVERSION = YES;
				GCC_WARN_ABOUT_RETURN_TYPE = YES_ERROR;
				GCC_WARN_UNDECLARED_SELECTOR = YES;
				GCC_WARN_UNINITIALIZED_AUTOS = YES_AGGRESSIVE;
				GCC_WARN_UNUSED_FUNCTION = YES;
				GCC_WARN_UNUSED_VARIABLE = YES;
				IPHONEOS_DEPLOYMENT_TARGET = 12.1;
				MTL_ENABLE_DEBUG_INFO = INCLUDE_SOURCE;
				MTL_FAST_MATH = YES;
				ONLY_ACTIVE_ARCH = YES;
				SDKROOT = iphoneos;
				SWIFT_ACTIVE_COMPILATION_CONDITIONS = DEBUG;
				SWIFT_OPTIMIZATION_LEVEL = "-Onone";
			};
			name = Debug;
		};
		BE47B2F12238139900455A83 /* Release */ = {
			isa = XCBuildConfiguration;
			buildSettings = {
				ALWAYS_SEARCH_USER_PATHS = NO;
				CLANG_ANALYZER_NONNULL = YES;
				CLANG_ANALYZER_NUMBER_OBJECT_CONVERSION = YES_AGGRESSIVE;
				CLANG_CXX_LANGUAGE_STANDARD = "gnu++14";
				CLANG_CXX_LIBRARY = "libc++";
				CLANG_ENABLE_MODULES = YES;
				CLANG_ENABLE_OBJC_ARC = YES;
				CLANG_ENABLE_OBJC_WEAK = YES;
				CLANG_WARN_BLOCK_CAPTURE_AUTORELEASING = YES;
				CLANG_WARN_BOOL_CONVERSION = YES;
				CLANG_WARN_COMMA = YES;
				CLANG_WARN_CONSTANT_CONVERSION = YES;
				CLANG_WARN_DEPRECATED_OBJC_IMPLEMENTATIONS = YES;
				CLANG_WARN_DIRECT_OBJC_ISA_USAGE = YES_ERROR;
				CLANG_WARN_DOCUMENTATION_COMMENTS = YES;
				CLANG_WARN_EMPTY_BODY = YES;
				CLANG_WARN_ENUM_CONVERSION = YES;
				CLANG_WARN_INFINITE_RECURSION = YES;
				CLANG_WARN_INT_CONVERSION = YES;
				CLANG_WARN_NON_LITERAL_NULL_CONVERSION = YES;
				CLANG_WARN_OBJC_IMPLICIT_RETAIN_SELF = YES;
				CLANG_WARN_OBJC_LITERAL_CONVERSION = YES;
				CLANG_WARN_OBJC_ROOT_CLASS = YES_ERROR;
				CLANG_WARN_RANGE_LOOP_ANALYSIS = YES;
				CLANG_WARN_STRICT_PROTOTYPES = YES;
				CLANG_WARN_SUSPICIOUS_MOVE = YES;
				CLANG_WARN_UNGUARDED_AVAILABILITY = YES_AGGRESSIVE;
				CLANG_WARN_UNREACHABLE_CODE = YES;
				CLANG_WARN__DUPLICATE_METHOD_MATCH = YES;
				CODE_SIGN_IDENTITY = "iPhone Developer";
				COPY_PHASE_STRIP = NO;
				DEBUG_INFORMATION_FORMAT = "dwarf-with-dsym";
				ENABLE_NS_ASSERTIONS = NO;
				ENABLE_STRICT_OBJC_MSGSEND = YES;
				GCC_C_LANGUAGE_STANDARD = gnu11;
				GCC_NO_COMMON_BLOCKS = YES;
				GCC_WARN_64_TO_32_BIT_CONVERSION = YES;
				GCC_WARN_ABOUT_RETURN_TYPE = YES_ERROR;
				GCC_WARN_UNDECLARED_SELECTOR = YES;
				GCC_WARN_UNINITIALIZED_AUTOS = YES_AGGRESSIVE;
				GCC_WARN_UNUSED_FUNCTION = YES;
				GCC_WARN_UNUSED_VARIABLE = YES;
				IPHONEOS_DEPLOYMENT_TARGET = 12.1;
				MTL_ENABLE_DEBUG_INFO = NO;
				MTL_FAST_MATH = YES;
				SDKROOT = iphoneos;
				SWIFT_COMPILATION_MODE = wholemodule;
				SWIFT_OPTIMIZATION_LEVEL = "-O";
				VALIDATE_PRODUCT = YES;
			};
			name = Release;
		};
		BE47B2F32238139900455A83 /* Debug */ = {
			isa = XCBuildConfiguration;
			baseConfigurationReference = 0B526E8598AEE6587CAB780B /* Pods-ListViewTak1.debug.xcconfig */;
			buildSettings = {
				ASSETCATALOG_COMPILER_APPICON_NAME = AppIcon;
				CODE_SIGN_STYLE = Automatic;
				INFOPLIST_FILE = ListViewTak1/Info.plist;
				LD_RUNPATH_SEARCH_PATHS = (
					"$(inherited)",
					"@executable_path/Frameworks",
				);
				PRODUCT_BUNDLE_IDENTIFIER = com.kree.keehoo.ListViewTak1;
				PRODUCT_NAME = "$(TARGET_NAME)";
				SWIFT_VERSION = 4.2;
				TARGETED_DEVICE_FAMILY = "1,2";
			};
			name = Debug;
		};
		BE47B2F42238139900455A83 /* Release */ = {
			isa = XCBuildConfiguration;
			baseConfigurationReference = D0224758562896FA663CFA08 /* Pods-ListViewTak1.release.xcconfig */;
			buildSettings = {
				ASSETCATALOG_COMPILER_APPICON_NAME = AppIcon;
				CODE_SIGN_STYLE = Automatic;
				INFOPLIST_FILE = ListViewTak1/Info.plist;
				LD_RUNPATH_SEARCH_PATHS = (
					"$(inherited)",
					"@executable_path/Frameworks",
				);
				PRODUCT_BUNDLE_IDENTIFIER = com.kree.keehoo.ListViewTak1;
				PRODUCT_NAME = "$(TARGET_NAME)";
				SWIFT_VERSION = 4.2;
				TARGETED_DEVICE_FAMILY = "1,2";
			};
			name = Release;
		};
/* End XCBuildConfiguration section */

/* Begin XCConfigurationList section */
		BE47B2DB2238139700455A83 /* Build configuration list for PBXProject "ListViewTak1" */ = {
			isa = XCConfigurationList;
			buildConfigurations = (
				BE47B2F02238139900455A83 /* Debug */,
				BE47B2F12238139900455A83 /* Release */,
			);
			defaultConfigurationIsVisible = 0;
			defaultConfigurationName = Release;
		};
		BE47B2F22238139900455A83 /* Build configuration list for PBXNativeTarget "ListViewTak1" */ = {
			isa = XCConfigurationList;
			buildConfigurations = (
				BE47B2F32238139900455A83 /* Debug */,
				BE47B2F42238139900455A83 /* Release */,
			);
			defaultConfigurationIsVisible = 0;
			defaultConfigurationName = Release;
		};
/* End XCConfigurationList section */
	};
	rootObject = BE47B2D82238139700455A83 /* Project object */;
}
